
Microsoft Visual Studio Solution File, Format Version 12.00
# Visual Studio Version 17
VisualStudioVersion = 17.0.31919.166
MinimumVisualStudioVersion = 10.0.40219.1
Project("{FAE04EC0-301F-11D3-BF4B-00C04F79EFBC}") = "DanE.Web", "DandE.Web\DanE.Web.csproj", "{84F40DEE-F007-428B-A689-791CA938AD37}"
EndProject
Project("{FAE04EC0-301F-11D3-BF4B-00C04F79EFBC}") = "DandE.DocumentHandler", "DandE.DocumentHandler\DandE.DocumentHandler.csproj", "{ACEED7FF-4577-4DD6-B701-E06470363E9A}"
EndProject
Project("{FAE04EC0-301F-11D3-BF4B-00C04F79EFBC}") = "DandE.DocumentHandler.Tests", "DandE.DocumentHandler.Tests\DandE.DocumentHandler.Tests.csproj", "{58D20390-825C-47C0-A565-61C9A4B327EC}"
EndProject
Global
	GlobalSection(SolutionConfigurationPlatforms) = preSolution
		Debug|Any CPU = Debug|Any CPU
		Release|Any CPU = Release|Any CPU
	EndGlobalSection
	GlobalSection(ProjectConfigurationPlatforms) = postSolution
		{84F40DEE-F007-428B-A689-791CA938AD37}.Debug|Any CPU.ActiveCfg = Debug|Any CPU
		{84F40DEE-F007-428B-A689-791CA938AD37}.Debug|Any CPU.Build.0 = Debug|Any CPU
		{84F40DEE-F007-428B-A689-791CA938AD37}.Release|Any CPU.ActiveCfg = Release|Any CPU
		{84F40DEE-F007-428B-A689-791CA938AD37}.Release|Any CPU.Build.0 = Release|Any CPU
		{ACEED7FF-4577-4DD6-B701-E06470363E9A}.Debug|Any CPU.ActiveCfg = Debug|Any CPU
		{ACEED7FF-4577-4DD6-B701-E06470363E9A}.Debug|Any CPU.Build.0 = Debug|Any CPU
		{ACEED7FF-4577-4DD6-B701-E06470363E9A}.Release|Any CPU.ActiveCfg = Release|Any CPU
		{ACEED7FF-4577-4DD6-B701-E06470363E9A}.Release|Any CPU.Build.0 = Release|Any CPU
		{58D20390-825C-47C0-A565-61C9A4B327EC}.Debug|Any CPU.ActiveCfg = Debug|Any CPU
		{58D20390-825C-47C0-A565-61C9A4B327EC}.Debug|Any CPU.Build.0 = Debug|Any CPU
		{58D20390-825C-47C0-A565-61C9A4B327EC}.Release|Any CPU.ActiveCfg = Release|Any CPU
		{58D20390-825C-47C0-A565-61C9A4B327EC}.Release|Any CPU.Build.0 = Release|Any CPU
	EndGlobalSection
	GlobalSection(SolutionProperties) = preSolution
		HideSolutionNode = FALSE
	EndGlobalSection
	GlobalSection(ExtensibilityGlobals) = postSolution
		SolutionGuid = {C95E23A0-C472-4CD9-906D-C7B9CBB88058}
	EndGlobalSection
EndGlobal
